// !$*UTF8*$!
{
	archiveVersion = 1;
	classes = {
	};
	objectVersion = 46;
	objects = {

/* Begin PBXBuildFile section */
		2C0016D31A008A3A00EEC696 /* ComicCell.swift in Sources */ = {isa = PBXBuildFile; fileRef = 2C0016D11A008A3A00EEC696 /* ComicCell.swift */; };
		2C0016D41A008A3A00EEC696 /* ComicCell.xib in Resources */ = {isa = PBXBuildFile; fileRef = 2C0016D21A008A3A00EEC696 /* ComicCell.xib */; };
		2C262E7F1A0062180037D570 /* Comic.swift in Sources */ = {isa = PBXBuildFile; fileRef = 2C262E7E1A0062180037D570 /* Comic.swift */; };
		2C262E811A0065880037D570 /* Series.swift in Sources */ = {isa = PBXBuildFile; fileRef = 2C262E801A0065880037D570 /* Series.swift */; };
		2C4BFFB419FEB8E70021A080 /* AppDelegate.swift in Sources */ = {isa = PBXBuildFile; fileRef = 2C4BFFB319FEB8E70021A080 /* AppDelegate.swift */; };
		2C4BFFB719FEB8E70021A080 /* MarvelPedia.xcdatamodeld in Sources */ = {isa = PBXBuildFile; fileRef = 2C4BFFB519FEB8E70021A080 /* MarvelPedia.xcdatamodeld */; };
		2C4BFFB919FEB8E70021A080 /* ViewController.swift in Sources */ = {isa = PBXBuildFile; fileRef = 2C4BFFB819FEB8E70021A080 /* ViewController.swift */; };
		2C4BFFBC19FEB8E70021A080 /* Main.storyboard in Resources */ = {isa = PBXBuildFile; fileRef = 2C4BFFBA19FEB8E70021A080 /* Main.storyboard */; };
		2C4BFFBE19FEB8E70021A080 /* Images.xcassets in Resources */ = {isa = PBXBuildFile; fileRef = 2C4BFFBD19FEB8E70021A080 /* Images.xcassets */; };
		2C4BFFC119FEB8E70021A080 /* LaunchScreen.xib in Resources */ = {isa = PBXBuildFile; fileRef = 2C4BFFBF19FEB8E70021A080 /* LaunchScreen.xib */; };
		2C4BFFCD19FEB8E80021A080 /* MarvelPediaTests.swift in Sources */ = {isa = PBXBuildFile; fileRef = 2C4BFFCC19FEB8E80021A080 /* MarvelPediaTests.swift */; };
		2C921B221A00248E00102185 /* FrenemyCollectionView.swift in Sources */ = {isa = PBXBuildFile; fileRef = 2C921B211A00248E00102185 /* FrenemyCollectionView.swift */; };
		2C921B241A00262E00102185 /* TVCellWithCollectionView.xib in Resources */ = {isa = PBXBuildFile; fileRef = 2C921B231A00262E00102185 /* TVCellWithCollectionView.xib */; };
		2C921B261A0026D100102185 /* TVCellWithCollectionView.swift in Sources */ = {isa = PBXBuildFile; fileRef = 2C921B251A0026D100102185 /* TVCellWithCollectionView.swift */; };
		2CB9D01A1A01570C00C32354 /* ComicVC.swift in Sources */ = {isa = PBXBuildFile; fileRef = 2CB9D0191A01570C00C32354 /* ComicVC.swift */; };
		2CC2C60819FEE49A00DE8A11 /* PrivateConstants.swift in Sources */ = {isa = PBXBuildFile; fileRef = 2CC2C60719FEE49A00DE8A11 /* PrivateConstants.swift */; };
		2CC2C60A19FF0B5600DE8A11 /* CollectionHeader.swift in Sources */ = {isa = PBXBuildFile; fileRef = 2CC2C60919FF0B5600DE8A11 /* CollectionHeader.swift */; };
		2CD820EF19FEBE4700577D0A /* Character.swift in Sources */ = {isa = PBXBuildFile; fileRef = 2CD820EE19FEBE4700577D0A /* Character.swift */; };
		2CD820F119FEC7E600577D0A /* HomeVC.swift in Sources */ = {isa = PBXBuildFile; fileRef = 2CD820F019FEC7E600577D0A /* HomeVC.swift */; };
		2CD820F319FEC90300577D0A /* CharacterCell.swift in Sources */ = {isa = PBXBuildFile; fileRef = 2CD820F219FEC90300577D0A /* CharacterCell.swift */; };
		2CE4BEB119FECABA0059A230 /* CharacterDetailVC.swift in Sources */ = {isa = PBXBuildFile; fileRef = 2CE4BEB019FECABA0059A230 /* CharacterDetailVC.swift */; };
		2CE4BEB319FECDA10059A230 /* CharacterCell.xib in Resources */ = {isa = PBXBuildFile; fileRef = 2CE4BEB219FECDA10059A230 /* CharacterCell.xib */; };
		2CE4BEB519FED5280059A230 /* InfoCell.xib in Resources */ = {isa = PBXBuildFile; fileRef = 2CE4BEB419FED5280059A230 /* InfoCell.xib */; };
		2CE4BEB719FED5490059A230 /* InfoCell.swift in Sources */ = {isa = PBXBuildFile; fileRef = 2CE4BEB619FED5490059A230 /* InfoCell.swift */; };
		2CE4BEBB19FEDA960059A230 /* TableHeader.xib in Resources */ = {isa = PBXBuildFile; fileRef = 2CE4BEBA19FEDA960059A230 /* TableHeader.xib */; };
		2CE4BEBD19FEDABA0059A230 /* TableHeader.swift in Sources */ = {isa = PBXBuildFile; fileRef = 2CE4BEBC19FEDABA0059A230 /* TableHeader.swift */; };
		48A0E14F1A0038E300343EF8 /* RootVC.swift in Sources */ = {isa = PBXBuildFile; fileRef = 48A0E14E1A0038E300343EF8 /* RootVC.swift */; };
		48A0E1511A0038FD00343EF8 /* IntroPageVC.swift in Sources */ = {isa = PBXBuildFile; fileRef = 48A0E1501A0038FD00343EF8 /* IntroPageVC.swift */; };
		48A0E1531A00397A00343EF8 /* IntroPageModelController.swift in Sources */ = {isa = PBXBuildFile; fileRef = 48A0E1521A00397A00343EF8 /* IntroPageModelController.swift */; };
		48C0CE8C1A01570200B47455 /* comic1.jpg in Resources */ = {isa = PBXBuildFile; fileRef = 48C0CE861A01570200B47455 /* comic1.jpg */; };
		48C0CE8D1A01570200B47455 /* comic2.jpg in Resources */ = {isa = PBXBuildFile; fileRef = 48C0CE871A01570200B47455 /* comic2.jpg */; };
		48C0CE8E1A01570200B47455 /* comic3.jpg in Resources */ = {isa = PBXBuildFile; fileRef = 48C0CE881A01570200B47455 /* comic3.jpg */; };
		48C0CE8F1A01570200B47455 /* comic4.jpg in Resources */ = {isa = PBXBuildFile; fileRef = 48C0CE891A01570200B47455 /* comic4.jpg */; };
		48C0CE901A01570200B47455 /* comic5.jpg in Resources */ = {isa = PBXBuildFile; fileRef = 48C0CE8A1A01570200B47455 /* comic5.jpg */; };
		48C0CE911A01570200B47455 /* comic6.jpg in Resources */ = {isa = PBXBuildFile; fileRef = 48C0CE8B1A01570200B47455 /* comic6.jpg */; };
		9A7CCD621A002D3B00FD5832 /* Queue.swift in Sources */ = {isa = PBXBuildFile; fileRef = 9A7CCD611A002D3B00FD5832 /* Queue.swift */; };
		9A7CCD641A0038DC00FD5832 /* MarvelCaching.swift in Sources */ = {isa = PBXBuildFile; fileRef = 9A7CCD631A0038DC00FD5832 /* MarvelCaching.swift */; };
		9A8EDC3819FEC79C00CC3CCF /* NetworkController.swift in Sources */ = {isa = PBXBuildFile; fileRef = 9A8EDC3719FEC79C00CC3CCF /* NetworkController.swift */; };
		9A8EDC3A19FEC85300CC3CCF /* MarvelNetworking.swift in Sources */ = {isa = PBXBuildFile; fileRef = 9A8EDC3919FEC85300CC3CCF /* MarvelNetworking.swift */; };
		9AC519291A00BADE00717E22 /* CoreDataManager.swift in Sources */ = {isa = PBXBuildFile; fileRef = 9AC519281A00BADE00717E22 /* CoreDataManager.swift */; };
		9ACAFCF01A00C711008DCCBE /* CachedImage.swift in Sources */ = {isa = PBXBuildFile; fileRef = 9ACAFCEF1A00C711008DCCBE /* CachedImage.swift */; };
/* End PBXBuildFile section */

/* Begin PBXContainerItemProxy section */
		2C4BFFC719FEB8E80021A080 /* PBXContainerItemProxy */ = {
			isa = PBXContainerItemProxy;
			containerPortal = 2C4BFFA619FEB8E70021A080 /* Project object */;
			proxyType = 1;
			remoteGlobalIDString = 2C4BFFAD19FEB8E70021A080;
			remoteInfo = MarvelPedia;
		};
/* End PBXContainerItemProxy section */

/* Begin PBXFileReference section */
		2C0016D11A008A3A00EEC696 /* ComicCell.swift */ = {isa = PBXFileReference; fileEncoding = 4; lastKnownFileType = sourcecode.swift; path = ComicCell.swift; sourceTree = "<group>"; };
		2C0016D21A008A3A00EEC696 /* ComicCell.xib */ = {isa = PBXFileReference; fileEncoding = 4; lastKnownFileType = file.xib; path = ComicCell.xib; sourceTree = "<group>"; };
		2C262E7E1A0062180037D570 /* Comic.swift */ = {isa = PBXFileReference; fileEncoding = 4; lastKnownFileType = sourcecode.swift; path = Comic.swift; sourceTree = "<group>"; };
		2C262E801A0065880037D570 /* Series.swift */ = {isa = PBXFileReference; fileEncoding = 4; lastKnownFileType = sourcecode.swift; path = Series.swift; sourceTree = "<group>"; };
		2C4BFFAE19FEB8E70021A080 /* MarvelPedia.app */ = {isa = PBXFileReference; explicitFileType = wrapper.application; includeInIndex = 0; path = MarvelPedia.app; sourceTree = BUILT_PRODUCTS_DIR; };
		2C4BFFB219FEB8E70021A080 /* Info.plist */ = {isa = PBXFileReference; lastKnownFileType = text.plist.xml; path = Info.plist; sourceTree = "<group>"; };
		2C4BFFB319FEB8E70021A080 /* AppDelegate.swift */ = {isa = PBXFileReference; lastKnownFileType = sourcecode.swift; path = AppDelegate.swift; sourceTree = "<group>"; };
		2C4BFFB619FEB8E70021A080 /* MarvelPedia.xcdatamodel */ = {isa = PBXFileReference; lastKnownFileType = wrapper.xcdatamodel; path = MarvelPedia.xcdatamodel; sourceTree = "<group>"; };
		2C4BFFB819FEB8E70021A080 /* ViewController.swift */ = {isa = PBXFileReference; lastKnownFileType = sourcecode.swift; path = ViewController.swift; sourceTree = "<group>"; };
		2C4BFFBB19FEB8E70021A080 /* Base */ = {isa = PBXFileReference; lastKnownFileType = file.storyboard; name = Base; path = Base.lproj/Main.storyboard; sourceTree = "<group>"; };
		2C4BFFBD19FEB8E70021A080 /* Images.xcassets */ = {isa = PBXFileReference; lastKnownFileType = folder.assetcatalog; path = Images.xcassets; sourceTree = "<group>"; };
		2C4BFFC019FEB8E70021A080 /* Base */ = {isa = PBXFileReference; lastKnownFileType = file.xib; name = Base; path = Base.lproj/LaunchScreen.xib; sourceTree = "<group>"; };
		2C4BFFC619FEB8E80021A080 /* MarvelPediaTests.xctest */ = {isa = PBXFileReference; explicitFileType = wrapper.cfbundle; includeInIndex = 0; path = MarvelPediaTests.xctest; sourceTree = BUILT_PRODUCTS_DIR; };
		2C4BFFCB19FEB8E80021A080 /* Info.plist */ = {isa = PBXFileReference; lastKnownFileType = text.plist.xml; path = Info.plist; sourceTree = "<group>"; };
		2C4BFFCC19FEB8E80021A080 /* MarvelPediaTests.swift */ = {isa = PBXFileReference; lastKnownFileType = sourcecode.swift; path = MarvelPediaTests.swift; sourceTree = "<group>"; };
		2C921B211A00248E00102185 /* FrenemyCollectionView.swift */ = {isa = PBXFileReference; fileEncoding = 4; lastKnownFileType = sourcecode.swift; path = FrenemyCollectionView.swift; sourceTree = "<group>"; };
		2C921B231A00262E00102185 /* TVCellWithCollectionView.xib */ = {isa = PBXFileReference; fileEncoding = 4; lastKnownFileType = file.xib; path = TVCellWithCollectionView.xib; sourceTree = "<group>"; };
		2C921B251A0026D100102185 /* TVCellWithCollectionView.swift */ = {isa = PBXFileReference; fileEncoding = 4; lastKnownFileType = sourcecode.swift; path = TVCellWithCollectionView.swift; sourceTree = "<group>"; };
		2CB9D0191A01570C00C32354 /* ComicVC.swift */ = {isa = PBXFileReference; fileEncoding = 4; lastKnownFileType = sourcecode.swift; path = ComicVC.swift; sourceTree = "<group>"; };
		2CC2C60719FEE49A00DE8A11 /* PrivateConstants.swift */ = {isa = PBXFileReference; fileEncoding = 4; lastKnownFileType = sourcecode.swift; path = PrivateConstants.swift; sourceTree = "<group>"; };
		2CC2C60919FF0B5600DE8A11 /* CollectionHeader.swift */ = {isa = PBXFileReference; fileEncoding = 4; lastKnownFileType = sourcecode.swift; path = CollectionHeader.swift; sourceTree = "<group>"; };
		2CD820EE19FEBE4700577D0A /* Character.swift */ = {isa = PBXFileReference; fileEncoding = 4; lastKnownFileType = sourcecode.swift; path = Character.swift; sourceTree = "<group>"; };
		2CD820F019FEC7E600577D0A /* HomeVC.swift */ = {isa = PBXFileReference; fileEncoding = 4; lastKnownFileType = sourcecode.swift; name = HomeVC.swift; path = ../HomeVC.swift; sourceTree = "<group>"; };
		2CD820F219FEC90300577D0A /* CharacterCell.swift */ = {isa = PBXFileReference; fileEncoding = 4; lastKnownFileType = sourcecode.swift; name = CharacterCell.swift; path = ../CharacterCell.swift; sourceTree = "<group>"; };
		2CE4BEB019FECABA0059A230 /* CharacterDetailVC.swift */ = {isa = PBXFileReference; fileEncoding = 4; lastKnownFileType = sourcecode.swift; name = CharacterDetailVC.swift; path = ../CharacterDetailVC.swift; sourceTree = "<group>"; };
		2CE4BEB219FECDA10059A230 /* CharacterCell.xib */ = {isa = PBXFileReference; fileEncoding = 4; lastKnownFileType = file.xib; name = CharacterCell.xib; path = ../CharacterCell.xib; sourceTree = "<group>"; };
		2CE4BEB419FED5280059A230 /* InfoCell.xib */ = {isa = PBXFileReference; fileEncoding = 4; lastKnownFileType = file.xib; name = InfoCell.xib; path = ../InfoCell.xib; sourceTree = "<group>"; };
		2CE4BEB619FED5490059A230 /* InfoCell.swift */ = {isa = PBXFileReference; fileEncoding = 4; lastKnownFileType = sourcecode.swift; name = InfoCell.swift; path = ../InfoCell.swift; sourceTree = "<group>"; };
		2CE4BEBA19FEDA960059A230 /* TableHeader.xib */ = {isa = PBXFileReference; fileEncoding = 4; lastKnownFileType = file.xib; name = TableHeader.xib; path = ../TableHeader.xib; sourceTree = "<group>"; };
		2CE4BEBC19FEDABA0059A230 /* TableHeader.swift */ = {isa = PBXFileReference; fileEncoding = 4; lastKnownFileType = sourcecode.swift; name = TableHeader.swift; path = ../TableHeader.swift; sourceTree = "<group>"; };
		48A0E14E1A0038E300343EF8 /* RootVC.swift */ = {isa = PBXFileReference; fileEncoding = 4; lastKnownFileType = sourcecode.swift; path = RootVC.swift; sourceTree = "<group>"; };
		48A0E1501A0038FD00343EF8 /* IntroPageVC.swift */ = {isa = PBXFileReference; fileEncoding = 4; lastKnownFileType = sourcecode.swift; path = IntroPageVC.swift; sourceTree = "<group>"; };
		48A0E1521A00397A00343EF8 /* IntroPageModelController.swift */ = {isa = PBXFileReference; fileEncoding = 4; lastKnownFileType = sourcecode.swift; path = IntroPageModelController.swift; sourceTree = "<group>"; };
		48C0CE861A01570200B47455 /* comic1.jpg */ = {isa = PBXFileReference; lastKnownFileType = image.jpeg; path = comic1.jpg; sourceTree = "<group>"; };
		48C0CE871A01570200B47455 /* comic2.jpg */ = {isa = PBXFileReference; lastKnownFileType = image.jpeg; path = comic2.jpg; sourceTree = "<group>"; };
		48C0CE881A01570200B47455 /* comic3.jpg */ = {isa = PBXFileReference; lastKnownFileType = image.jpeg; path = comic3.jpg; sourceTree = "<group>"; };
		48C0CE891A01570200B47455 /* comic4.jpg */ = {isa = PBXFileReference; lastKnownFileType = image.jpeg; path = comic4.jpg; sourceTree = "<group>"; };
		48C0CE8A1A01570200B47455 /* comic5.jpg */ = {isa = PBXFileReference; lastKnownFileType = image.jpeg; path = comic5.jpg; sourceTree = "<group>"; };
		48C0CE8B1A01570200B47455 /* comic6.jpg */ = {isa = PBXFileReference; lastKnownFileType = image.jpeg; path = comic6.jpg; sourceTree = "<group>"; };
		9A7CCD611A002D3B00FD5832 /* Queue.swift */ = {isa = PBXFileReference; fileEncoding = 4; lastKnownFileType = sourcecode.swift; path = Queue.swift; sourceTree = "<group>"; };
		9A7CCD631A0038DC00FD5832 /* MarvelCaching.swift */ = {isa = PBXFileReference; fileEncoding = 4; lastKnownFileType = sourcecode.swift; path = MarvelCaching.swift; sourceTree = "<group>"; };
		9A8EDC3719FEC79C00CC3CCF /* NetworkController.swift */ = {isa = PBXFileReference; fileEncoding = 4; lastKnownFileType = sourcecode.swift; path = NetworkController.swift; sourceTree = "<group>"; };
		9A8EDC3919FEC85300CC3CCF /* MarvelNetworking.swift */ = {isa = PBXFileReference; fileEncoding = 4; lastKnownFileType = sourcecode.swift; path = MarvelNetworking.swift; sourceTree = "<group>"; };
		9A8EDC3C19FECE8E00CC3CCF /* MarvelPedia-Bridging-Header.h */ = {isa = PBXFileReference; lastKnownFileType = sourcecode.c.h; path = "MarvelPedia-Bridging-Header.h"; sourceTree = "<group>"; };
		9AC519281A00BADE00717E22 /* CoreDataManager.swift */ = {isa = PBXFileReference; fileEncoding = 4; lastKnownFileType = sourcecode.swift; path = CoreDataManager.swift; sourceTree = "<group>"; };
		9ACAFCEF1A00C711008DCCBE /* CachedImage.swift */ = {isa = PBXFileReference; fileEncoding = 4; lastKnownFileType = sourcecode.swift; path = CachedImage.swift; sourceTree = "<group>"; };
/* End PBXFileReference section */

/* Begin PBXFrameworksBuildPhase section */
		2C4BFFAB19FEB8E70021A080 /* Frameworks */ = {
			isa = PBXFrameworksBuildPhase;
			buildActionMask = 2147483647;
			files = (
			);
			runOnlyForDeploymentPostprocessing = 0;
		};
		2C4BFFC319FEB8E80021A080 /* Frameworks */ = {
			isa = PBXFrameworksBuildPhase;
			buildActionMask = 2147483647;
			files = (
			);
			runOnlyForDeploymentPostprocessing = 0;
		};
/* End PBXFrameworksBuildPhase section */

/* Begin PBXGroup section */
		2C4BFFA519FEB8E70021A080 = {
			isa = PBXGroup;
			children = (
				2C4BFFB019FEB8E70021A080 /* MarvelPedia */,
				2C4BFFC919FEB8E80021A080 /* MarvelPediaTests */,
				2C4BFFAF19FEB8E70021A080 /* Products */,
			);
			sourceTree = "<group>";
		};
		2C4BFFAF19FEB8E70021A080 /* Products */ = {
			isa = PBXGroup;
			children = (
				2C4BFFAE19FEB8E70021A080 /* MarvelPedia.app */,
				2C4BFFC619FEB8E80021A080 /* MarvelPediaTests.xctest */,
			);
			name = Products;
			sourceTree = "<group>";
		};
		2C4BFFB019FEB8E70021A080 /* MarvelPedia */ = {
			isa = PBXGroup;
			children = (
				489FE1CF19FEC4A4002A0104 /* Views */,
				489FE1CE19FEC495002A0104 /* ViewControllers */,
				489FE1D019FEC52F002A0104 /* Controllers */,
				489FE1CD19FEC46D002A0104 /* Models */,
				2C4BFFB319FEB8E70021A080 /* AppDelegate.swift */,
				2C4BFFBA19FEB8E70021A080 /* Main.storyboard */,
				2C4BFFBF19FEB8E70021A080 /* LaunchScreen.xib */,
				2C4BFFBD19FEB8E70021A080 /* Images.xcassets */,
				2C4BFFB519FEB8E70021A080 /* MarvelPedia.xcdatamodeld */,
				2C4BFFB119FEB8E70021A080 /* Supporting Files */,
				9A8EDC3C19FECE8E00CC3CCF /* MarvelPedia-Bridging-Header.h */,
			);
			path = MarvelPedia;
			sourceTree = "<group>";
		};
		2C4BFFB119FEB8E70021A080 /* Supporting Files */ = {
			isa = PBXGroup;
			children = (
				48C0CE861A01570200B47455 /* comic1.jpg */,
				48C0CE871A01570200B47455 /* comic2.jpg */,
				48C0CE881A01570200B47455 /* comic3.jpg */,
				48C0CE891A01570200B47455 /* comic4.jpg */,
				48C0CE8A1A01570200B47455 /* comic5.jpg */,
				48C0CE8B1A01570200B47455 /* comic6.jpg */,
				2C4BFFB219FEB8E70021A080 /* Info.plist */,
				2CC2C60719FEE49A00DE8A11 /* PrivateConstants.swift */,
				9A7CCD611A002D3B00FD5832 /* Queue.swift */,
			);
			name = "Supporting Files";
			sourceTree = "<group>";
		};
		2C4BFFC919FEB8E80021A080 /* MarvelPediaTests */ = {
			isa = PBXGroup;
			children = (
				2C4BFFCC19FEB8E80021A080 /* MarvelPediaTests.swift */,
				2C4BFFCA19FEB8E80021A080 /* Supporting Files */,
			);
			path = MarvelPediaTests;
			sourceTree = "<group>";
		};
		2C4BFFCA19FEB8E80021A080 /* Supporting Files */ = {
			isa = PBXGroup;
			children = (
				2C4BFFCB19FEB8E80021A080 /* Info.plist */,
			);
			name = "Supporting Files";
			sourceTree = "<group>";
		};
		489FE1CD19FEC46D002A0104 /* Models */ = {
			isa = PBXGroup;
			children = (
				2CD820EE19FEBE4700577D0A /* Character.swift */,
				2C262E7E1A0062180037D570 /* Comic.swift */,
				2C262E801A0065880037D570 /* Series.swift */,
				9ACAFCEF1A00C711008DCCBE /* CachedImage.swift */,
			);
			name = Models;
			sourceTree = "<group>";
		};
		489FE1CE19FEC495002A0104 /* ViewControllers */ = {
			isa = PBXGroup;
			children = (
				48A0E14E1A0038E300343EF8 /* RootVC.swift */,
				2CD820F019FEC7E600577D0A /* HomeVC.swift */,
				2CE4BEB019FECABA0059A230 /* CharacterDetailVC.swift */,
				2CB9D0191A01570C00C32354 /* ComicVC.swift */,
				2C4BFFB819FEB8E70021A080 /* ViewController.swift */,
				48A0E1501A0038FD00343EF8 /* IntroPageVC.swift */,
			);
			name = ViewControllers;
			sourceTree = "<group>";
		};
		489FE1CF19FEC4A4002A0104 /* Views */ = {
			isa = PBXGroup;
			children = (
				2CD820F219FEC90300577D0A /* CharacterCell.swift */,
				2CE4BEB219FECDA10059A230 /* CharacterCell.xib */,
				2CE4BEBC19FEDABA0059A230 /* TableHeader.swift */,
				2CE4BEBA19FEDA960059A230 /* TableHeader.xib */,
				2CC2C60919FF0B5600DE8A11 /* CollectionHeader.swift */,
				2CE4BEB619FED5490059A230 /* InfoCell.swift */,
				2CE4BEB419FED5280059A230 /* InfoCell.xib */,
				2C921B211A00248E00102185 /* FrenemyCollectionView.swift */,
				2C921B251A0026D100102185 /* TVCellWithCollectionView.swift */,
				2C921B231A00262E00102185 /* TVCellWithCollectionView.xib */,
				2C0016D11A008A3A00EEC696 /* ComicCell.swift */,
				2C0016D21A008A3A00EEC696 /* ComicCell.xib */,
			);
			name = Views;
			sourceTree = "<group>";
		};
		489FE1D019FEC52F002A0104 /* Controllers */ = {
			isa = PBXGroup;
			children = (
				9A8EDC3719FEC79C00CC3CCF /* NetworkController.swift */,
				9A8EDC3919FEC85300CC3CCF /* MarvelNetworking.swift */,
				48A0E1521A00397A00343EF8 /* IntroPageModelController.swift */,
				9A7CCD631A0038DC00FD5832 /* MarvelCaching.swift */,
				9AC519281A00BADE00717E22 /* CoreDataManager.swift */,
			);
			name = Controllers;
			sourceTree = "<group>";
		};
/* End PBXGroup section */

/* Begin PBXNativeTarget section */
		2C4BFFAD19FEB8E70021A080 /* MarvelPedia */ = {
			isa = PBXNativeTarget;
			buildConfigurationList = 2C4BFFD019FEB8E80021A080 /* Build configuration list for PBXNativeTarget "MarvelPedia" */;
			buildPhases = (
				2C4BFFAA19FEB8E70021A080 /* Sources */,
				2C4BFFAB19FEB8E70021A080 /* Frameworks */,
				2C4BFFAC19FEB8E70021A080 /* Resources */,
			);
			buildRules = (
			);
			dependencies = (
			);
			name = MarvelPedia;
			productName = MarvelPedia;
			productReference = 2C4BFFAE19FEB8E70021A080 /* MarvelPedia.app */;
			productType = "com.apple.product-type.application";
		};
		2C4BFFC519FEB8E80021A080 /* MarvelPediaTests */ = {
			isa = PBXNativeTarget;
			buildConfigurationList = 2C4BFFD319FEB8E80021A080 /* Build configuration list for PBXNativeTarget "MarvelPediaTests" */;
			buildPhases = (
				2C4BFFC219FEB8E80021A080 /* Sources */,
				2C4BFFC319FEB8E80021A080 /* Frameworks */,
				2C4BFFC419FEB8E80021A080 /* Resources */,
			);
			buildRules = (
			);
			dependencies = (
				2C4BFFC819FEB8E80021A080 /* PBXTargetDependency */,
			);
			name = MarvelPediaTests;
			productName = MarvelPediaTests;
			productReference = 2C4BFFC619FEB8E80021A080 /* MarvelPediaTests.xctest */;
			productType = "com.apple.product-type.bundle.unit-test";
		};
/* End PBXNativeTarget section */

/* Begin PBXProject section */
		2C4BFFA619FEB8E70021A080 /* Project object */ = {
			isa = PBXProject;
			attributes = {
				LastUpgradeCheck = 0610;
				ORGANIZATIONNAME = CodeFellows;
				TargetAttributes = {
					2C4BFFAD19FEB8E70021A080 = {
						CreatedOnToolsVersion = 6.1;
					};
					2C4BFFC519FEB8E80021A080 = {
						CreatedOnToolsVersion = 6.1;
						TestTargetID = 2C4BFFAD19FEB8E70021A080;
					};
				};
			};
			buildConfigurationList = 2C4BFFA919FEB8E70021A080 /* Build configuration list for PBXProject "MarvelPedia" */;
			compatibilityVersion = "Xcode 3.2";
			developmentRegion = English;
			hasScannedForEncodings = 0;
			knownRegions = (
				en,
				Base,
			);
			mainGroup = 2C4BFFA519FEB8E70021A080;
			productRefGroup = 2C4BFFAF19FEB8E70021A080 /* Products */;
			projectDirPath = "";
			projectRoot = "";
			targets = (
				2C4BFFAD19FEB8E70021A080 /* MarvelPedia */,
				2C4BFFC519FEB8E80021A080 /* MarvelPediaTests */,
			);
		};
/* End PBXProject section */

/* Begin PBXResourcesBuildPhase section */
		2C4BFFAC19FEB8E70021A080 /* Resources */ = {
			isa = PBXResourcesBuildPhase;
			buildActionMask = 2147483647;
			files = (
				2C4BFFBC19FEB8E70021A080 /* Main.storyboard in Resources */,
				2CE4BEB519FED5280059A230 /* InfoCell.xib in Resources */,
				48C0CE901A01570200B47455 /* comic5.jpg in Resources */,
				2C921B241A00262E00102185 /* TVCellWithCollectionView.xib in Resources */,
				48C0CE911A01570200B47455 /* comic6.jpg in Resources */,
				2C0016D41A008A3A00EEC696 /* ComicCell.xib in Resources */,
				48C0CE8F1A01570200B47455 /* comic4.jpg in Resources */,
				48C0CE8E1A01570200B47455 /* comic3.jpg in Resources */,
				48C0CE8D1A01570200B47455 /* comic2.jpg in Resources */,
				2C4BFFC119FEB8E70021A080 /* LaunchScreen.xib in Resources */,
				2C4BFFBE19FEB8E70021A080 /* Images.xcassets in Resources */,
				2CE4BEB319FECDA10059A230 /* CharacterCell.xib in Resources */,
				48C0CE8C1A01570200B47455 /* comic1.jpg in Resources */,
				2CE4BEBB19FEDA960059A230 /* TableHeader.xib in Resources */,
			);
			runOnlyForDeploymentPostprocessing = 0;
		};
		2C4BFFC419FEB8E80021A080 /* Resources */ = {
			isa = PBXResourcesBuildPhase;
			buildActionMask = 2147483647;
			files = (
			);
			runOnlyForDeploymentPostprocessing = 0;
		};
/* End PBXResourcesBuildPhase section */

/* Begin PBXSourcesBuildPhase section */
		2C4BFFAA19FEB8E70021A080 /* Sources */ = {
			isa = PBXSourcesBuildPhase;
			buildActionMask = 2147483647;
			files = (
				2C4BFFB919FEB8E70021A080 /* ViewController.swift in Sources */,
				48A0E1511A0038FD00343EF8 /* IntroPageVC.swift in Sources */,
				9A7CCD621A002D3B00FD5832 /* Queue.swift in Sources */,
				2CC2C60819FEE49A00DE8A11 /* PrivateConstants.swift in Sources */,
				2C262E811A0065880037D570 /* Series.swift in Sources */,
				2CD820F119FEC7E600577D0A /* HomeVC.swift in Sources */,
				2C0016D31A008A3A00EEC696 /* ComicCell.swift in Sources */,
				2CC2C60A19FF0B5600DE8A11 /* CollectionHeader.swift in Sources */,
				2C921B261A0026D100102185 /* TVCellWithCollectionView.swift in Sources */,
				2C4BFFB719FEB8E70021A080 /* MarvelPedia.xcdatamodeld in Sources */,
				2C262E7F1A0062180037D570 /* Comic.swift in Sources */,
				2C921B221A00248E00102185 /* FrenemyCollectionView.swift in Sources */,
				2CB9D01A1A01570C00C32354 /* ComicVC.swift in Sources */,
				2CD820F319FEC90300577D0A /* CharacterCell.swift in Sources */,
				48A0E1531A00397A00343EF8 /* IntroPageModelController.swift in Sources */,
				9ACAFCF01A00C711008DCCBE /* CachedImage.swift in Sources */,
				9A8EDC3819FEC79C00CC3CCF /* NetworkController.swift in Sources */,
				2C4BFFB419FEB8E70021A080 /* AppDelegate.swift in Sources */,
				48A0E14F1A0038E300343EF8 /* RootVC.swift in Sources */,
				2CE4BEBD19FEDABA0059A230 /* TableHeader.swift in Sources */,
				2CE4BEB719FED5490059A230 /* InfoCell.swift in Sources */,
				2CE4BEB119FECABA0059A230 /* CharacterDetailVC.swift in Sources */,
				2CD820EF19FEBE4700577D0A /* Character.swift in Sources */,
				9A8EDC3A19FEC85300CC3CCF /* MarvelNetworking.swift in Sources */,
				9AC519291A00BADE00717E22 /* CoreDataManager.swift in Sources */,
				9A7CCD641A0038DC00FD5832 /* MarvelCaching.swift in Sources */,
			);
			runOnlyForDeploymentPostprocessing = 0;
		};
		2C4BFFC219FEB8E80021A080 /* Sources */ = {
			isa = PBXSourcesBuildPhase;
			buildActionMask = 2147483647;
			files = (
				2C4BFFCD19FEB8E80021A080 /* MarvelPediaTests.swift in Sources */,
			);
			runOnlyForDeploymentPostprocessing = 0;
		};
/* End PBXSourcesBuildPhase section */

/* Begin PBXTargetDependency section */
		2C4BFFC819FEB8E80021A080 /* PBXTargetDependency */ = {
			isa = PBXTargetDependency;
			target = 2C4BFFAD19FEB8E70021A080 /* MarvelPedia */;
			targetProxy = 2C4BFFC719FEB8E80021A080 /* PBXContainerItemProxy */;
		};
/* End PBXTargetDependency section */

/* Begin PBXVariantGroup section */
		2C4BFFBA19FEB8E70021A080 /* Main.storyboard */ = {
			isa = PBXVariantGroup;
			children = (
				2C4BFFBB19FEB8E70021A080 /* Base */,
			);
			name = Main.storyboard;
			sourceTree = "<group>";
		};
		2C4BFFBF19FEB8E70021A080 /* LaunchScreen.xib */ = {
			isa = PBXVariantGroup;
			children = (
				2C4BFFC019FEB8E70021A080 /* Base */,
			);
			name = LaunchScreen.xib;
			sourceTree = "<group>";
		};
/* End PBXVariantGroup section */

/* Begin XCBuildConfiguration section */
		2C4BFFCE19FEB8E80021A080 /* Debug */ = {
			isa = XCBuildConfiguration;
			buildSettings = {
				ALWAYS_SEARCH_USER_PATHS = NO;
				CLANG_CXX_LANGUAGE_STANDARD = "gnu++0x";
				CLANG_CXX_LIBRARY = "libc++";
				CLANG_ENABLE_MODULES = YES;
				CLANG_ENABLE_OBJC_ARC = YES;
				CLANG_WARN_BOOL_CONVERSION = YES;
				CLANG_WARN_CONSTANT_CONVERSION = YES;
				CLANG_WARN_DIRECT_OBJC_ISA_USAGE = YES_ERROR;
				CLANG_WARN_EMPTY_BODY = YES;
				CLANG_WARN_ENUM_CONVERSION = YES;
				CLANG_WARN_INT_CONVERSION = YES;
				CLANG_WARN_OBJC_ROOT_CLASS = YES_ERROR;
				CLANG_WARN_UNREACHABLE_CODE = YES;
				CLANG_WARN__DUPLICATE_METHOD_MATCH = YES;
				"CODE_SIGN_IDENTITY[sdk=iphoneos*]" = "iPhone Developer";
				COPY_PHASE_STRIP = NO;
				ENABLE_STRICT_OBJC_MSGSEND = YES;
				GCC_C_LANGUAGE_STANDARD = gnu99;
				GCC_DYNAMIC_NO_PIC = NO;
				GCC_OPTIMIZATION_LEVEL = 0;
				GCC_PREPROCESSOR_DEFINITIONS = (
					"DEBUG=1",
					"$(inherited)",
				);
				GCC_SYMBOLS_PRIVATE_EXTERN = NO;
				GCC_WARN_64_TO_32_BIT_CONVERSION = YES;
				GCC_WARN_ABOUT_RETURN_TYPE = YES_ERROR;
				GCC_WARN_UNDECLARED_SELECTOR = YES;
				GCC_WARN_UNINITIALIZED_AUTOS = YES_AGGRESSIVE;
				GCC_WARN_UNUSED_FUNCTION = YES;
				GCC_WARN_UNUSED_VARIABLE = YES;
				IPHONEOS_DEPLOYMENT_TARGET = 8.1;
				MTL_ENABLE_DEBUG_INFO = YES;
				ONLY_ACTIVE_ARCH = YES;
				SDKROOT = iphoneos;
				SWIFT_OPTIMIZATION_LEVEL = "-Onone";
				TARGETED_DEVICE_FAMILY = "1,2";
			};
			name = Debug;
		};
		2C4BFFCF19FEB8E80021A080 /* Release */ = {
			isa = XCBuildConfiguration;
			buildSettings = {
				ALWAYS_SEARCH_USER_PATHS = NO;
				CLANG_CXX_LANGUAGE_STANDARD = "gnu++0x";
				CLANG_CXX_LIBRARY = "libc++";
				CLANG_ENABLE_MODULES = YES;
				CLANG_ENABLE_OBJC_ARC = YES;
				CLANG_WARN_BOOL_CONVERSION = YES;
				CLANG_WARN_CONSTANT_CONVERSION = YES;
				CLANG_WARN_DIRECT_OBJC_ISA_USAGE = YES_ERROR;
				CLANG_WARN_EMPTY_BODY = YES;
				CLANG_WARN_ENUM_CONVERSION = YES;
				CLANG_WARN_INT_CONVERSION = YES;
				CLANG_WARN_OBJC_ROOT_CLASS = YES_ERROR;
				CLANG_WARN_UNREACHABLE_CODE = YES;
				CLANG_WARN__DUPLICATE_METHOD_MATCH = YES;
				"CODE_SIGN_IDENTITY[sdk=iphoneos*]" = "iPhone Developer";
				COPY_PHASE_STRIP = YES;
				ENABLE_NS_ASSERTIONS = NO;
				ENABLE_STRICT_OBJC_MSGSEND = YES;
				GCC_C_LANGUAGE_STANDARD = gnu99;
				GCC_WARN_64_TO_32_BIT_CONVERSION = YES;
				GCC_WARN_ABOUT_RETURN_TYPE = YES_ERROR;
				GCC_WARN_UNDECLARED_SELECTOR = YES;
				GCC_WARN_UNINITIALIZED_AUTOS = YES_AGGRESSIVE;
				GCC_WARN_UNUSED_FUNCTION = YES;
				GCC_WARN_UNUSED_VARIABLE = YES;
				IPHONEOS_DEPLOYMENT_TARGET = 8.1;
				MTL_ENABLE_DEBUG_INFO = NO;
				SDKROOT = iphoneos;
				TARGETED_DEVICE_FAMILY = "1,2";
				VALIDATE_PRODUCT = YES;
			};
			name = Release;
		};
		2C4BFFD119FEB8E80021A080 /* Debug */ = {
			isa = XCBuildConfiguration;
			buildSettings = {
				ASSETCATALOG_COMPILER_APPICON_NAME = AppIcon;
				CLANG_ENABLE_MODULES = YES;
				INFOPLIST_FILE = MarvelPedia/Info.plist;
				LD_RUNPATH_SEARCH_PATHS = "$(inherited) @executable_path/Frameworks";
				PRODUCT_NAME = "$(TARGET_NAME)";
				SWIFT_OBJC_BRIDGING_HEADER = "MarvelPedia/MarvelPedia-Bridging-Header.h";
				SWIFT_OPTIMIZATION_LEVEL = "-Onone";
			};
			name = Debug;
		};
		2C4BFFD219FEB8E80021A080 /* Release */ = {
			isa = XCBuildConfiguration;
			buildSettings = {
				ASSETCATALOG_COMPILER_APPICON_NAME = AppIcon;
				CLANG_ENABLE_MODULES = YES;
				INFOPLIST_FILE = MarvelPedia/Info.plist;
				LD_RUNPATH_SEARCH_PATHS = "$(inherited) @executable_path/Frameworks";
				PRODUCT_NAME = "$(TARGET_NAME)";
				SWIFT_OBJC_BRIDGING_HEADER = "MarvelPedia/MarvelPedia-Bridging-Header.h";
			};
			name = Release;
		};
		2C4BFFD419FEB8E80021A080 /* Debug */ = {
			isa = XCBuildConfiguration;
			buildSettings = {
				BUNDLE_LOADER = "$(TEST_HOST)";
				FRAMEWORK_SEARCH_PATHS = (
					"$(SDKROOT)/Developer/Library/Frameworks",
					"$(inherited)",
				);
				GCC_PREPROCESSOR_DEFINITIONS = (
					"DEBUG=1",
					"$(inherited)",
				);
				INFOPLIST_FILE = MarvelPediaTests/Info.plist;
				LD_RUNPATH_SEARCH_PATHS = "$(inherited) @executable_path/Frameworks @loader_path/Frameworks";
				PRODUCT_NAME = "$(TARGET_NAME)";
				TEST_HOST = "$(BUILT_PRODUCTS_DIR)/MarvelPedia.app/MarvelPedia";
			};
			name = Debug;
		};
		2C4BFFD519FEB8E80021A080 /* Release */ = {
			isa = XCBuildConfiguration;
			buildSettings = {
				BUNDLE_LOADER = "$(TEST_HOST)";
				FRAMEWORK_SEARCH_PATHS = (
					"$(SDKROOT)/Developer/Library/Frameworks",
					"$(inherited)",
				);
				INFOPLIST_FILE = MarvelPediaTests/Info.plist;
				LD_RUNPATH_SEARCH_PATHS = "$(inherited) @executable_path/Frameworks @loader_path/Frameworks";
				PRODUCT_NAME = "$(TARGET_NAME)";
				TEST_HOST = "$(BUILT_PRODUCTS_DIR)/MarvelPedia.app/MarvelPedia";
			};
			name = Release;
		};
/* End XCBuildConfiguration section */

/* Begin XCConfigurationList section */
		2C4BFFA919FEB8E70021A080 /* Build configuration list for PBXProject "MarvelPedia" */ = {
			isa = XCConfigurationList;
			buildConfigurations = (
				2C4BFFCE19FEB8E80021A080 /* Debug */,
				2C4BFFCF19FEB8E80021A080 /* Release */,
			);
			defaultConfigurationIsVisible = 0;
			defaultConfigurationName = Release;
		};
		2C4BFFD019FEB8E80021A080 /* Build configuration list for PBXNativeTarget "MarvelPedia" */ = {
			isa = XCConfigurationList;
			buildConfigurations = (
				2C4BFFD119FEB8E80021A080 /* Debug */,
				2C4BFFD219FEB8E80021A080 /* Release */,
			);
			defaultConfigurationIsVisible = 0;
			defaultConfigurationName = Release;
		};
		2C4BFFD319FEB8E80021A080 /* Build configuration list for PBXNativeTarget "MarvelPediaTests" */ = {
			isa = XCConfigurationList;
			buildConfigurations = (
				2C4BFFD419FEB8E80021A080 /* Debug */,
				2C4BFFD519FEB8E80021A080 /* Release */,
			);
			defaultConfigurationIsVisible = 0;
			defaultConfigurationName = Release;
		};
/* End XCConfigurationList section */

/* Begin XCVersionGroup section */
		2C4BFFB519FEB8E70021A080 /* MarvelPedia.xcdatamodeld */ = {
			isa = XCVersionGroup;
			children = (
				2C4BFFB619FEB8E70021A080 /* MarvelPedia.xcdatamodel */,
			);
			currentVersion = 2C4BFFB619FEB8E70021A080 /* MarvelPedia.xcdatamodel */;
			path = MarvelPedia.xcdatamodeld;
			sourceTree = "<group>";
			versionGroupType = wrapper.xcdatamodel;
		};
/* End XCVersionGroup section */
	};
	rootObject = 2C4BFFA619FEB8E70021A080 /* Project object */;
}
